
Microsoft Visual Studio Solution File, Format Version 12.00
# Visual Studio 14
VisualStudioVersion = 14.0.25420.1
MinimumVisualStudioVersion = 10.0.40219.1
Project("{FAE04EC0-301F-11D3-BF4B-00C04F79EFBC}") = "EyeCT4RailsWeb", "EyeCT4RailsWeb\EyeCT4RailsWeb.csproj", "{A3412305-40CF-40C4-BC24-D821401BFFFB}"
EndProject
Project("{FAE04EC0-301F-11D3-BF4B-00C04F79EFBC}") = "EyeCT4RailsWeb.Tests", "EyeCT4RailsWeb.Tests\EyeCT4RailsWeb.Tests.csproj", "{BF6876E1-236D-4A5E-9156-5449A0394DDB}"
EndProject
Global
	GlobalSection(SolutionConfigurationPlatforms) = preSolution
		Debug|Any CPU = Debug|Any CPU
		Release|Any CPU = Release|Any CPU
	EndGlobalSection
	GlobalSection(ProjectConfigurationPlatforms) = postSolution
		{A3412305-40CF-40C4-BC24-D821401BFFFB}.Debug|Any CPU.ActiveCfg = Debug|Any CPU
		{A3412305-40CF-40C4-BC24-D821401BFFFB}.Debug|Any CPU.Build.0 = Debug|Any CPU
		{A3412305-40CF-40C4-BC24-D821401BFFFB}.Release|Any CPU.ActiveCfg = Release|Any CPU
		{A3412305-40CF-40C4-BC24-D821401BFFFB}.Release|Any CPU.Build.0 = Release|Any CPU
		{BF6876E1-236D-4A5E-9156-5449A0394DDB}.Debug|Any CPU.ActiveCfg = Debug|Any CPU
		{BF6876E1-236D-4A5E-9156-5449A0394DDB}.Debug|Any CPU.Build.0 = Debug|Any CPU
		{BF6876E1-236D-4A5E-9156-5449A0394DDB}.Release|Any CPU.ActiveCfg = Release|Any CPU
		{BF6876E1-236D-4A5E-9156-5449A0394DDB}.Release|Any CPU.Build.0 = Release|Any CPU
	EndGlobalSection
	GlobalSection(SolutionProperties) = preSolution
		HideSolutionNode = FALSE
	EndGlobalSection
EndGlobal
